// !$*UTF8*$!
{
	archiveVersion = 1;
	classes = {
	};
	objectVersion = 50;
	objects = {

/* Begin PBXBuildFile section */
		29A4AC3425D4DC0D00AAA7BC /* AppDelegate.swift in Sources */ = {isa = PBXBuildFile; fileRef = 29A4AC3325D4DC0D00AAA7BC /* AppDelegate.swift */; };
		29A4AC3625D4DC0D00AAA7BC /* SceneDelegate.swift in Sources */ = {isa = PBXBuildFile; fileRef = 29A4AC3525D4DC0D00AAA7BC /* SceneDelegate.swift */; };
		29A4AC3825D4DC0D00AAA7BC /* ViewController.swift in Sources */ = {isa = PBXBuildFile; fileRef = 29A4AC3725D4DC0D00AAA7BC /* ViewController.swift */; };
		29A4AC3B25D4DC0D00AAA7BC /* Main.storyboard in Resources */ = {isa = PBXBuildFile; fileRef = 29A4AC3925D4DC0D00AAA7BC /* Main.storyboard */; };
		29A4AC3D25D4DC0F00AAA7BC /* Assets.xcassets in Resources */ = {isa = PBXBuildFile; fileRef = 29A4AC3C25D4DC0F00AAA7BC /* Assets.xcassets */; };
		29A4AC4025D4DC0F00AAA7BC /* LaunchScreen.storyboard in Resources */ = {isa = PBXBuildFile; fileRef = 29A4AC3E25D4DC0F00AAA7BC /* LaunchScreen.storyboard */; };
/* End PBXBuildFile section */

/* Begin PBXFileReference section */
		29A4AC3025D4DC0D00AAA7BC /* UITextViewDemo.app */ = {isa = PBXFileReference; explicitFileType = wrapper.application; includeInIndex = 0; path = UITextViewDemo.app; sourceTree = BUILT_PRODUCTS_DIR; };
		29A4AC3325D4DC0D00AAA7BC /* AppDelegate.swift */ = {isa = PBXFileReference; lastKnownFileType = sourcecode.swift; path = AppDelegate.swift; sourceTree = "<group>"; };
		29A4AC3525D4DC0D00AAA7BC /* SceneDelegate.swift */ = {isa = PBXFileReference; lastKnownFileType = sourcecode.swift; path = SceneDelegate.swift; sourceTree = "<group>"; };
		29A4AC3725D4DC0D00AAA7BC /* ViewController.swift */ = {isa = PBXFileReference; lastKnownFileType = sourcecode.swift; path = ViewController.swift; sourceTree = "<group>"; };
		29A4AC3A25D4DC0D00AAA7BC /* Base */ = {isa = PBXFileReference; lastKnownFileType = file.storyboard; name = Base; path = Base.lproj/Main.storyboard; sourceTree = "<group>"; };
		29A4AC3C25D4DC0F00AAA7BC /* Assets.xcassets */ = {isa = PBXFileReference; lastKnownFileType = folder.assetcatalog; path = Assets.xcassets; sourceTree = "<group>"; };
		29A4AC3F25D4DC0F00AAA7BC /* Base */ = {isa = PBXFileReference; lastKnownFileType = file.storyboard; name = Base; path = Base.lproj/LaunchScreen.storyboard; sourceTree = "<group>"; };
		29A4AC4125D4DC0F00AAA7BC /* Info.plist */ = {isa = PBXFileReference; lastKnownFileType = text.plist.xml; path = Info.plist; sourceTree = "<group>"; };
/* End PBXFileReference section */

/* Begin PBXFrameworksBuildPhase section */
		29A4AC2D25D4DC0D00AAA7BC /* Frameworks */ = {
			isa = PBXFrameworksBuildPhase;
			buildActionMask = 2147483647;
			files = (
			);
			runOnlyForDeploymentPostprocessing = 0;
		};
/* End PBXFrameworksBuildPhase section */

/* Begin PBXGroup section */
		29A4AC2725D4DC0D00AAA7BC = {
			isa = PBXGroup;
			children = (
				29A4AC3225D4DC0D00AAA7BC /* UITextViewDemo */,
				29A4AC3125D4DC0D00AAA7BC /* Products */,
			);
			sourceTree = "<group>";
		};
		29A4AC3125D4DC0D00AAA7BC /* Products */ = {
			isa = PBXGroup;
			children = (
				29A4AC3025D4DC0D00AAA7BC /* UITextViewDemo.app */,
			);
			name = Products;
			sourceTree = "<group>";
		};
		29A4AC3225D4DC0D00AAA7BC /* UITextViewDemo */ = {
			isa = PBXGroup;
			children = (
				29A4AC3325D4DC0D00AAA7BC /* AppDelegate.swift */,
				29A4AC3525D4DC0D00AAA7BC /* SceneDelegate.swift */,
				29A4AC3725D4DC0D00AAA7BC /* ViewController.swift */,
				29A4AC3925D4DC0D00AAA7BC /* Main.storyboard */,
				29A4AC3C25D4DC0F00AAA7BC /* Assets.xcassets */,
				29A4AC3E25D4DC0F00AAA7BC /* LaunchScreen.storyboard */,
				29A4AC4125D4DC0F00AAA7BC /* Info.plist */,
			);
			path = UITextViewDemo;
			sourceTree = "<group>";
		};
/* End PBXGroup section */

/* Begin PBXNativeTarget section */
		29A4AC2F25D4DC0D00AAA7BC /* UITextViewDemo */ = {
			isa = PBXNativeTarget;
			buildConfigurationList = 29A4AC4425D4DC0F00AAA7BC /* Build configuration list for PBXNativeTarget "UITextViewDemo" */;
			buildPhases = (
				29A4AC2C25D4DC0D00AAA7BC /* Sources */,
				29A4AC2D25D4DC0D00AAA7BC /* Frameworks */,
				29A4AC2E25D4DC0D00AAA7BC /* Resources */,
			);
			buildRules = (
			);
			dependencies = (
			);
			name = UITextViewDemo;
			productName = UITextViewDemo;
			productReference = 29A4AC3025D4DC0D00AAA7BC /* UITextViewDemo.app */;
			productType = "com.apple.product-type.application";
		};
/* End PBXNativeTarget section */

/* Begin PBXProject section */
		29A4AC2825D4DC0D00AAA7BC /* Project object */ = {
			isa = PBXProject;
			attributes = {
				LastSwiftUpdateCheck = 1240;
				LastUpgradeCheck = 1240;
				TargetAttributes = {
					29A4AC2F25D4DC0D00AAA7BC = {
						CreatedOnToolsVersion = 12.4;
					};
				};
			};
			buildConfigurationList = 29A4AC2B25D4DC0D00AAA7BC /* Build configuration list for PBXProject "UITextViewDemo" */;
			compatibilityVersion = "Xcode 9.3";
			developmentRegion = en;
			hasScannedForEncodings = 0;
			knownRegions = (
				en,
				Base,
			);
			mainGroup = 29A4AC2725D4DC0D00AAA7BC;
			productRefGroup = 29A4AC3125D4DC0D00AAA7BC /* Products */;
			projectDirPath = "";
			projectRoot = "";
			targets = (
				29A4AC2F25D4DC0D00AAA7BC /* UITextViewDemo */,
			);
		};
/* End PBXProject section */

/* Begin PBXResourcesBuildPhase section */
		29A4AC2E25D4DC0D00AAA7BC /* Resources */ = {
			isa = PBXResourcesBuildPhase;
			buildActionMask = 2147483647;
			files = (
				29A4AC4025D4DC0F00AAA7BC /* LaunchScreen.storyboard in Resources */,
				29A4AC3D25D4DC0F00AAA7BC /* Assets.xcassets in Resources */,
				29A4AC3B25D4DC0D00AAA7BC /* Main.storyboard in Resources */,
			);
			runOnlyForDeploymentPostprocessing = 0;
		};
/* End PBXResourcesBuildPhase section */

/* Begin PBXSourcesBuildPhase section */
		29A4AC2C25D4DC0D00AAA7BC /* Sources */ = {
			isa = PBXSourcesBuildPhase;
			buildActionMask = 2147483647;
			files = (
				29A4AC3825D4DC0D00AAA7BC /* ViewController.swift in Sources */,
				29A4AC3425D4DC0D00AAA7BC /* AppDelegate.swift in Sources */,
				29A4AC3625D4DC0D00AAA7BC /* SceneDelegate.swift in Sources */,
			);
			runOnlyForDeploymentPostprocessing = 0;
		};
/* End PBXSourcesBuildPhase section */

/* Begin PBXVariantGroup section */
		29A4AC3925D4DC0D00AAA7BC /* Main.storyboard */ = {
			isa = PBXVariantGroup;
			children = (
				29A4AC3A25D4DC0D00AAA7BC /* Base */,
			);
			name = Main.storyboard;
			sourceTree = "<group>";
		};
		29A4AC3E25D4DC0F00AAA7BC /* LaunchScreen.storyboard */ = {
			isa = PBXVariantGroup;
			children = (
				29A4AC3F25D4DC0F00AAA7BC /* Base */,
			);
			name = LaunchScreen.storyboard;
			sourceTree = "<group>";
		};
/* End PBXVariantGroup section */

/* Begin XCBuildConfiguration section */
		29A4AC4225D4DC0F00AAA7BC /* Debug */ = {
			isa = XCBuildConfiguration;
			buildSettings = {
				ALWAYS_SEARCH_USER_PATHS = NO;
				CLANG_ANALYZER_NONNULL = YES;
				CLANG_ANALYZER_NUMBER_OBJECT_CONVERSION = YES_AGGRESSIVE;
				CLANG_CXX_LANGUAGE_STANDARD = "gnu++14";
				CLANG_CXX_LIBRARY = "libc++";
				CLANG_ENABLE_MODULES = YES;
				CLANG_ENABLE_OBJC_ARC = YES;
				CLANG_ENABLE_OBJC_WEAK = YES;
				CLANG_WARN_BLOCK_CAPTURE_AUTORELEASING = YES;
				CLANG_WARN_BOOL_CONVERSION = YES;
				CLANG_WARN_COMMA = YES;
				CLANG_WARN_CONSTANT_CONVERSION = YES;
				CLANG_WARN_DEPRECATED_OBJC_IMPLEMENTATIONS = YES;
				CLANG_WARN_DIRECT_OBJC_ISA_USAGE = YES_ERROR;
				CLANG_WARN_DOCUMENTATION_COMMENTS = YES;
				CLANG_WARN_EMPTY_BODY = YES;
				CLANG_WARN_ENUM_CONVERSION = YES;
				CLANG_WARN_INFINITE_RECURSION = YES;
				CLANG_WARN_INT_CONVERSION = YES;
				CLANG_WARN_NON_LITERAL_NULL_CONVERSION = YES;
				CLANG_WARN_OBJC_IMPLICIT_RETAIN_SELF = YES;
				CLANG_WARN_OBJC_LITERAL_CONVERSION = YES;
				CLANG_WARN_OBJC_ROOT_CLASS = YES_ERROR;
				CLANG_WARN_QUOTED_INCLUDE_IN_FRAMEWORK_HEADER = YES;
				CLANG_WARN_RANGE_LOOP_ANALYSIS = YES;
				CLANG_WARN_STRICT_PROTOTYPES = YES;
				CLANG_WARN_SUSPICIOUS_MOVE = YES;
				CLANG_WARN_UNGUARDED_AVAILABILITY = YES_AGGRESSIVE;
				CLANG_WARN_UNREACHABLE_CODE = YES;
				CLANG_WARN__DUPLICATE_METHOD_MATCH = YES;
				COPY_PHASE_STRIP = NO;
				DEBUG_INFORMATION_FORMAT = dwarf;
				ENABLE_STRICT_OBJC_MSGSEND = YES;
				ENABLE_TESTABILITY = YES;
				GCC_C_LANGUAGE_STANDARD = gnu11;
				GCC_DYNAMIC_NO_PIC = NO;
				GCC_NO_COMMON_BLOCKS = YES;
				GCC_OPTIMIZATION_LEVEL = 0;
				GCC_PREPROCESSOR_DEFINITIONS = (
					"DEBUG=1",
					"$(inherited)",
				);
				GCC_WARN_64_TO_32_BIT_CONVERSION = YES;
				GCC_WARN_ABOUT_RETURN_TYPE = YES_ERROR;
				GCC_WARN_UNDECLARED_SELECTOR = YES;
				GCC_WARN_UNINITIALIZED_AUTOS = YES_AGGRESSIVE;
				GCC_WARN_UNUSED_FUNCTION = YES;
				GCC_WARN_UNUSED_VARIABLE = YES;
				IPHONEOS_DEPLOYMENT_TARGET = 14.4;
				MTL_ENABLE_DEBUG_INFO = INCLUDE_SOURCE;
				MTL_FAST_MATH = YES;
				ONLY_ACTIVE_ARCH = YES;
				SDKROOT = iphoneos;
				SWIFT_ACTIVE_COMPILATION_CONDITIONS = DEBUG;
				SWIFT_OPTIMIZATION_LEVEL = "-Onone";
			};
			name = Debug;
		};
		29A4AC4325D4DC0F00AAA7BC /* Release */ = {
			isa = XCBuildConfiguration;
			buildSettings = {
				ALWAYS_SEARCH_USER_PATHS = NO;
				CLANG_ANALYZER_NONNULL = YES;
				CLANG_ANALYZER_NUMBER_OBJECT_CONVERSION = YES_AGGRESSIVE;
				CLANG_CXX_LANGUAGE_STANDARD = "gnu++14";
				CLANG_CXX_LIBRARY = "libc++";
				CLANG_ENABLE_MODULES = YES;
				CLANG_ENABLE_OBJC_ARC = YES;
				CLANG_ENABLE_OBJC_WEAK = YES;
				CLANG_WARN_BLOCK_CAPTURE_AUTORELEASING = YES;
				CLANG_WARN_BOOL_CONVERSION = YES;
				CLANG_WARN_COMMA = YES;
				CLANG_WARN_CONSTANT_CONVERSION = YES;
				CLANG_WARN_DEPRECATED_OBJC_IMPLEMENTATIONS = YES;
				CLANG_WARN_DIRECT_OBJC_ISA_USAGE = YES_ERROR;
				CLANG_WARN_DOCUMENTATION_COMMENTS = YES;
				CLANG_WARN_EMPTY_BODY = YES;
				CLANG_WARN_ENUM_CONVERSION = YES;
				CLANG_WARN_INFINITE_RECURSION = YES;
				CLANG_WARN_INT_CONVERSION = YES;
				CLANG_WARN_NON_LITERAL_NULL_CONVERSION = YES;
				CLANG_WARN_OBJC_IMPLICIT_RETAIN_SELF = YES;
				CLANG_WARN_OBJC_LITERAL_CONVERSION = YES;
				CLANG_WARN_OBJC_ROOT_CLASS = YES_ERROR;
				CLANG_WARN_QUOTED_INCLUDE_IN_FRAMEWORK_HEADER = YES;
				CLANG_WARN_RANGE_LOOP_ANALYSIS = YES;
				CLANG_WARN_STRICT_PROTOTYPES = YES;
				CLANG_WARN_SUSPICIOUS_MOVE = YES;
				CLANG_WARN_UNGUARDED_AVAILABILITY = YES_AGGRESSIVE;
				CLANG_WARN_UNREACHABLE_CODE = YES;
				CLANG_WARN__DUPLICATE_METHOD_MATCH = YES;
				COPY_PHASE_STRIP = NO;
				DEBUG_INFORMATION_FORMAT = "dwarf-with-dsym";
				ENABLE_NS_ASSERTIONS = NO;
				ENABLE_STRICT_OBJC_MSGSEND = YES;
				GCC_C_LANGUAGE_STANDARD = gnu11;
				GCC_NO_COMMON_BLOCKS = YES;
				GCC_WARN_64_TO_32_BIT_CONVERSION = YES;
				GCC_WARN_ABOUT_RETURN_TYPE = YES_ERROR;
				GCC_WARN_UNDECLARED_SELECTOR = YES;
				GCC_WARN_UNINITIALIZED_AUTOS = YES_AGGRESSIVE;
				GCC_WARN_UNUSED_FUNCTION = YES;
				GCC_WARN_UNUSED_VARIABLE = YES;
				IPHONEOS_DEPLOYMENT_TARGET = 14.4;
				MTL_ENABLE_DEBUG_INFO = NO;
				MTL_FAST_MATH = YES;
				SDKROOT = iphoneos;
				SWIFT_COMPILATION_MODE = wholemodule;
				SWIFT_OPTIMIZATION_LEVEL = "-O";
				VALIDATE_PRODUCT = YES;
			};
			name = Release;
		};
		29A4AC4525D4DC0F00AAA7BC /* Debug */ = {
			isa = XCBuildConfiguration;
			buildSettings = {
				ASSETCATALOG_COMPILER_APPICON_NAME = AppIcon;
				ASSETCATALOG_COMPILER_GLOBAL_ACCENT_COLOR_NAME = AccentColor;
				CODE_SIGN_STYLE = Automatic;
				DEVELOPMENT_TEAM = S2Z7GD4GH8;
				INFOPLIST_FILE = UITextViewDemo/Info.plist;
				LD_RUNPATH_SEARCH_PATHS = (
					"$(inherited)",
					"@executable_path/Frameworks",
				);
				PRODUCT_BUNDLE_IDENTIFIER = com.trista.UITextViewDemo;
				PRODUCT_NAME = "$(TARGET_NAME)";
				SWIFT_VERSION = 5.0;
				TARGETED_DEVICE_FAMILY = "1,2";
			};
			name = Debug;
		};
		29A4AC4625D4DC0F00AAA7BC /* Release */ = {
			isa = XCBuildConfiguration;
			buildSettings = {
				ASSETCATALOG_COMPILER_APPICON_NAME = AppIcon;
				ASSETCATALOG_COMPILER_GLOBAL_ACCENT_COLOR_NAME = AccentColor;
				CODE_SIGN_STYLE = Automatic;
				DEVELOPMENT_TEAM = S2Z7GD4GH8;
				INFOPLIST_FILE = UITextViewDemo/Info.plist;
				LD_RUNPATH_SEARCH_PATHS = (
					"$(inherited)",
					"@executable_path/Frameworks",
				);
				PRODUCT_BUNDLE_IDENTIFIER = com.trista.UITextViewDemo;
				PRODUCT_NAME = "$(TARGET_NAME)";
				SWIFT_VERSION = 5.0;
				TARGETED_DEVICE_FAMILY = "1,2";
			};
			name = Release;
		};
/* End XCBuildConfiguration section */

/* Begin XCConfigurationList section */
		29A4AC2B25D4DC0D00AAA7BC /* Build configuration list for PBXProject "UITextViewDemo" */ = {
			isa = XCConfigurationList;
			buildConfigurations = (
				29A4AC4225D4DC0F00AAA7BC /* Debug */,
				29A4AC4325D4DC0F00AAA7BC /* Release */,
			);
			defaultConfigurationIsVisible = 0;
			defaultConfigurationName = Release;
		};
		29A4AC4425D4DC0F00AAA7BC /* Build configuration list for PBXNativeTarget "UITextViewDemo" */ = {
			isa = XCConfigurationList;
			buildConfigurations = (
				29A4AC4525D4DC0F00AAA7BC /* Debug */,
				29A4AC4625D4DC0F00AAA7BC /* Release */,
			);
			defaultConfigurationIsVisible = 0;
			defaultConfigurationName = Release;
		};
/* End XCConfigurationList section */
	};
	rootObject = 29A4AC2825D4DC0D00AAA7BC /* Project object */;
}
